
Microsoft Visual Studio Solution File, Format Version 12.00
# Visual Studio Version 17
VisualStudioVersion = 17.4.33205.214
MinimumVisualStudioVersion = 10.0.40219.1
Project("{8BC9CEB8-8B4A-11D0-8D11-00A0C91BC942}") = "MobyDick", "MobyDick\MobyDick.vcxproj", "{5BC96C69-A864-419D-96C6-BC3507DE7D1B}"
EndProject
Project("{8BC9CEB8-8B4A-11D0-8D11-00A0C91BC942}") = "MortalRescue", "MortalRescue\MortalRescue.vcxproj", "{ECB447EE-121A-4BCD-ACB3-29A8760F43ED}"
EndProject
Project("{8BC9CEB8-8B4A-11D0-8D11-00A0C91BC942}") = "Stubb", "Stubb\Stubb.vcxproj", "{33855863-F6C4-4429-8505-31C8D1D98BF7}"
EndProject
Project("{54435603-DBB4-11D2-8724-00A0C9A8B90C}") = "MortalReconSetup", "MortalReconSetup\MortalReconSetup.vdproj", "{66332F15-4F2D-4405-A232-AD61D9A8F8C3}"
EndProject
Project("{8BC9CEB8-8B4A-11D0-8D11-00A0C91BC942}") = "BlindBetty", "BlindBetty\BlindBetty.vcxproj", "{FA5EC07E-261C-4CAF-B6D0-67A8324E627D}"
EndProject
Global
	GlobalSection(SolutionConfigurationPlatforms) = preSolution
		Debug|x64 = Debug|x64
		Debug|x86 = Debug|x86
		Release|x64 = Release|x64
		Release|x86 = Release|x86
	EndGlobalSection
	GlobalSection(ProjectConfigurationPlatforms) = postSolution
		{5BC96C69-A864-419D-96C6-BC3507DE7D1B}.Debug|x64.ActiveCfg = Debug|x64
		{5BC96C69-A864-419D-96C6-BC3507DE7D1B}.Debug|x64.Build.0 = Debug|x64
		{5BC96C69-A864-419D-96C6-BC3507DE7D1B}.Debug|x86.ActiveCfg = Debug|Win32
		{5BC96C69-A864-419D-96C6-BC3507DE7D1B}.Debug|x86.Build.0 = Debug|Win32
		{5BC96C69-A864-419D-96C6-BC3507DE7D1B}.Release|x64.ActiveCfg = Release|x64
		{5BC96C69-A864-419D-96C6-BC3507DE7D1B}.Release|x64.Build.0 = Release|x64
		{5BC96C69-A864-419D-96C6-BC3507DE7D1B}.Release|x86.ActiveCfg = Release|Win32
		{ECB447EE-121A-4BCD-ACB3-29A8760F43ED}.Debug|x64.ActiveCfg = Debug|x64
		{ECB447EE-121A-4BCD-ACB3-29A8760F43ED}.Debug|x64.Build.0 = Debug|x64
		{ECB447EE-121A-4BCD-ACB3-29A8760F43ED}.Debug|x86.ActiveCfg = Debug|Win32
		{ECB447EE-121A-4BCD-ACB3-29A8760F43ED}.Debug|x86.Build.0 = Debug|Win32
		{ECB447EE-121A-4BCD-ACB3-29A8760F43ED}.Release|x64.ActiveCfg = Release|x64
		{ECB447EE-121A-4BCD-ACB3-29A8760F43ED}.Release|x64.Build.0 = Release|x64
		{ECB447EE-121A-4BCD-ACB3-29A8760F43ED}.Release|x86.ActiveCfg = Release|Win32
		{33855863-F6C4-4429-8505-31C8D1D98BF7}.Debug|x64.ActiveCfg = Debug|x64
		{33855863-F6C4-4429-8505-31C8D1D98BF7}.Debug|x64.Build.0 = Debug|x64
		{33855863-F6C4-4429-8505-31C8D1D98BF7}.Debug|x86.ActiveCfg = Debug|Win32
		{33855863-F6C4-4429-8505-31C8D1D98BF7}.Debug|x86.Build.0 = Debug|Win32
		{33855863-F6C4-4429-8505-31C8D1D98BF7}.Release|x64.ActiveCfg = Release|x64
		{33855863-F6C4-4429-8505-31C8D1D98BF7}.Release|x64.Build.0 = Release|x64
		{33855863-F6C4-4429-8505-31C8D1D98BF7}.Release|x86.ActiveCfg = Release|Win32
		{33855863-F6C4-4429-8505-31C8D1D98BF7}.Release|x86.Build.0 = Release|Win32
		{66332F15-4F2D-4405-A232-AD61D9A8F8C3}.Debug|x64.ActiveCfg = Debug
		{66332F15-4F2D-4405-A232-AD61D9A8F8C3}.Debug|x86.ActiveCfg = Debug
		{66332F15-4F2D-4405-A232-AD61D9A8F8C3}.Release|x64.ActiveCfg = Release
		{66332F15-4F2D-4405-A232-AD61D9A8F8C3}.Release|x86.ActiveCfg = Release
		{FA5EC07E-261C-4CAF-B6D0-67A8324E627D}.Debug|x64.ActiveCfg = Debug|x64
		{FA5EC07E-261C-4CAF-B6D0-67A8324E627D}.Debug|x64.Build.0 = Debug|x64
		{FA5EC07E-261C-4CAF-B6D0-67A8324E627D}.Debug|x86.ActiveCfg = Debug|Win32
		{FA5EC07E-261C-4CAF-B6D0-67A8324E627D}.Debug|x86.Build.0 = Debug|Win32
		{FA5EC07E-261C-4CAF-B6D0-67A8324E627D}.Release|x64.ActiveCfg = Release|x64
		{FA5EC07E-261C-4CAF-B6D0-67A8324E627D}.Release|x64.Build.0 = Release|x64
		{FA5EC07E-261C-4CAF-B6D0-67A8324E627D}.Release|x86.ActiveCfg = Release|Win32
		{FA5EC07E-261C-4CAF-B6D0-67A8324E627D}.Release|x86.Build.0 = Release|Win32
	EndGlobalSection
	GlobalSection(SolutionProperties) = preSolution
		HideSolutionNode = FALSE
	EndGlobalSection
	GlobalSection(ExtensibilityGlobals) = postSolution
		SolutionGuid = {E180E670-2AA6-45FA-ADE0-80B0DBFC9BC0}
	EndGlobalSection
EndGlobal
