
Microsoft Visual Studio Solution File, Format Version 12.00
# Visual Studio Version 16
VisualStudioVersion = 16.0.30128.74
MinimumVisualStudioVersion = 10.0.40219.1
Project("{8BC9CEB8-8B4A-11D0-8D11-00A0C91BC942}") = "MortalRescue", "MortalRescue\MortalRescue.vcxproj", "{C372AC28-E57D-497E-94AF-505083CFEBE0}"
EndProject
Project("{8BC9CEB8-8B4A-11D0-8D11-00A0C91BC942}") = "Project1", "Project1\Project1.vcxproj", "{BF58172C-E9A3-428D-BF61-0295CD524508}"
	ProjectSection(ProjectDependencies) = postProject
		{C372AC28-E57D-497E-94AF-505083CFEBE0} = {C372AC28-E57D-497E-94AF-505083CFEBE0}
	EndProjectSection
EndProject
Global
	GlobalSection(SolutionConfigurationPlatforms) = preSolution
		Debug|x64 = Debug|x64
		Debug|x86 = Debug|x86
		Release|x64 = Release|x64
		Release|x86 = Release|x86
	EndGlobalSection
	GlobalSection(ProjectConfigurationPlatforms) = postSolution
		{C372AC28-E57D-497E-94AF-505083CFEBE0}.Debug|x64.ActiveCfg = Debug|x64
		{C372AC28-E57D-497E-94AF-505083CFEBE0}.Debug|x64.Build.0 = Debug|x64
		{C372AC28-E57D-497E-94AF-505083CFEBE0}.Debug|x86.ActiveCfg = Debug|Win32
		{C372AC28-E57D-497E-94AF-505083CFEBE0}.Debug|x86.Build.0 = Debug|Win32
		{C372AC28-E57D-497E-94AF-505083CFEBE0}.Release|x64.ActiveCfg = Release|x64
		{C372AC28-E57D-497E-94AF-505083CFEBE0}.Release|x64.Build.0 = Release|x64
		{C372AC28-E57D-497E-94AF-505083CFEBE0}.Release|x86.ActiveCfg = Debug|x64
		{C372AC28-E57D-497E-94AF-505083CFEBE0}.Release|x86.Build.0 = Debug|x64
		{BF58172C-E9A3-428D-BF61-0295CD524508}.Debug|x64.ActiveCfg = Debug|x64
		{BF58172C-E9A3-428D-BF61-0295CD524508}.Debug|x64.Build.0 = Debug|x64
		{BF58172C-E9A3-428D-BF61-0295CD524508}.Debug|x86.ActiveCfg = Debug|Win32
		{BF58172C-E9A3-428D-BF61-0295CD524508}.Debug|x86.Build.0 = Debug|Win32
		{BF58172C-E9A3-428D-BF61-0295CD524508}.Release|x64.ActiveCfg = Release|x64
		{BF58172C-E9A3-428D-BF61-0295CD524508}.Release|x64.Build.0 = Release|x64
		{BF58172C-E9A3-428D-BF61-0295CD524508}.Release|x86.ActiveCfg = Release|Win32
		{BF58172C-E9A3-428D-BF61-0295CD524508}.Release|x86.Build.0 = Release|Win32
	EndGlobalSection
	GlobalSection(SolutionProperties) = preSolution
		HideSolutionNode = FALSE
	EndGlobalSection
	GlobalSection(ExtensibilityGlobals) = postSolution
		SolutionGuid = {A9889168-6C09-490D-B6E9-F3205E8C461B}
	EndGlobalSection
EndGlobal
