<?xml version="1.0" encoding="utf-8"?>
<Project ToolsVersion="4.0" xmlns="http://schemas.microsoft.com/developer/msbuild/2003">
  <ItemGroup>
    <Filter Include="Source Files">
      <UniqueIdentifier>{4FC737F1-C7A5-4376-A066-2A32D752A2FF}</UniqueIdentifier>
      <Extensions>cpp;c;cc;cxx;c++;cppm;ixx;def;odl;idl;hpj;bat;asm;asmx</Extensions>
    </Filter>
    <Filter Include="Header Files">
      <UniqueIdentifier>{93995380-89BD-4b04-88EB-625FBE52EBFB}</UniqueIdentifier>
      <Extensions>h;hh;hpp;hxx;h++;hm;inl;inc;ipp;xsd</Extensions>
    </Filter>
    <Filter Include="Resource Files">
      <UniqueIdentifier>{67DA6AB6-F800-4c08-8B7A-83BB121AAD01}</UniqueIdentifier>
      <Extensions>rc;ico;cur;bmp;dlg;rc2;rct;bin;rgs;gif;jpg;jpeg;jpe;resx;tiff;tif;png;wav;mfcribbon-ms</Extensions>
    </Filter>
  </ItemGroup>
  <ItemGroup>
    <ClCompile Include="src\StubGame.cpp">
      <Filter>Source Files</Filter>
    </ClCompile>
    <ClCompile Include="src\testOpenGL_refactor.cpp">
      <Filter>Source Files</Filter>
    </ClCompile>
    <ClCompile Include="opengl\GlRenderer.cpp">
      <Filter>Source Files</Filter>
    </ClCompile>
    <ClCompile Include="opengl\IndexBuffer.cpp">
      <Filter>Source Files</Filter>
    </ClCompile>
    <ClCompile Include="opengl\Shader.cpp">
      <Filter>Source Files</Filter>
    </ClCompile>
    <ClCompile Include="opengl\VertexBuffer.cpp">
      <Filter>Source Files</Filter>
    </ClCompile>
  </ItemGroup>
  <ItemGroup>
    <ClInclude Include="src\GameConstants.h">
      <Filter>Header Files</Filter>
    </ClInclude>
    <ClInclude Include="src\StubGame.h">
      <Filter>Header Files</Filter>
    </ClInclude>
    <ClInclude Include="src\particleEffects\GameParticleEffects.h">
      <Filter>Header Files</Filter>
    </ClInclude>
    <ClInclude Include="opengl\GlRenderer.h">
      <Filter>Header Files</Filter>
    </ClInclude>
    <ClInclude Include="opengl\IndexBuffer.h">
      <Filter>Header Files</Filter>
    </ClInclude>
    <ClInclude Include="opengl\Shader.h">
      <Filter>Header Files</Filter>
    </ClInclude>
    <ClInclude Include="opengl\VertexBuffer.h">
      <Filter>Header Files</Filter>
    </ClInclude>
  </ItemGroup>
  <ItemGroup>
    <None Include="assets\config\gameConfig.json" />
    <None Include="assets\config\gameScenes.json" />
    <None Include="assets\gameObjectDefinitions\commonObjects.json" />
    <None Include="assets\sound\soundAssets.json" />
    <None Include="assets\textureAssets.json" />
    <None Include="opengl\shaders\basic.glsl" />
  </ItemGroup>
  <ItemGroup>
    <Media Include="assets\sound\ambience_deep_shining.wav">
      <Filter>Resource Files</Filter>
    </Media>
    <Media Include="assets\sound\blip_001.wav">
      <Filter>Resource Files</Filter>
    </Media>
  </ItemGroup>
  <ItemGroup>
    <Font Include="assets\arial.ttf" />
  </ItemGroup>
  <ItemGroup>
    <Image Include="assets\particle1.png">
      <Filter>Resource Files</Filter>
    </Image>
    <Image Include="assets\default.png">
      <Filter>Resource Files</Filter>
    </Image>
    <Image Include="assets\moby1.png">
      <Filter>Resource Files</Filter>
    </Image>
    <Image Include="assets\mobydick_circle.png">
      <Filter>Resource Files</Filter>
    </Image>
  </ItemGroup>
</Project>