<?xml version="1.0" encoding="utf-8"?>
<Project ToolsVersion="4.0" xmlns="http://schemas.microsoft.com/developer/msbuild/2003">
  <ItemGroup>
    <Filter Include="Source Files">
      <UniqueIdentifier>{4FC737F1-C7A5-4376-A066-2A32D752A2FF}</UniqueIdentifier>
      <Extensions>cpp;c;cc;cxx;c++;def;odl;idl;hpj;bat;asm;asmx</Extensions>
    </Filter>
    <Filter Include="Header Files">
      <UniqueIdentifier>{93995380-89BD-4b04-88EB-625FBE52EBFB}</UniqueIdentifier>
      <Extensions>h;hh;hpp;hxx;h++;hm;inl;inc;ipp;xsd</Extensions>
    </Filter>
    <Filter Include="Resource Files">
      <UniqueIdentifier>{67DA6AB6-F800-4c08-8B7A-83BB121AAD01}</UniqueIdentifier>
      <Extensions>rc;ico;cur;bmp;dlg;rc2;rct;bin;rgs;gif;jpg;jpeg;jpe;resx;tiff;tif;png;wav;mfcribbon-ms</Extensions>
    </Filter>
  </ItemGroup>
  <ItemGroup>
    <ClCompile Include="src\MRGame.cpp">
      <Filter>Source Files</Filter>
    </ClCompile>
    <ClCompile Include="src\components\DroneBrainComponent.cpp">
      <Filter>Source Files</Filter>
    </ClCompile>
    <ClCompile Include="src\MRComponentFactory.cpp">
      <Filter>Source Files</Filter>
    </ClCompile>
    <ClCompile Include="src\actions\ToggleButtonInteraction.cpp">
      <Filter>Source Files</Filter>
    </ClCompile>
    <ClCompile Include="src\MRContactListener.cpp">
      <Filter>Source Files</Filter>
    </ClCompile>
    <ClCompile Include="src\MRContactFilter.cpp">
      <Filter>Source Files</Filter>
    </ClCompile>
    <ClCompile Include="src\actions\DroneEyeRotateAction.cpp">
      <Filter>Source Files</Filter>
    </ClCompile>
    <ClCompile Include="src\mortalRescue.cpp">
      <Filter>Source Files</Filter>
    </ClCompile>
    <ClCompile Include="src\components\PistolWeaponComponent.cpp">
      <Filter>Source Files</Filter>
    </ClCompile>
    <ClCompile Include="src\MRContextManager.cpp">
      <Filter>Source Files</Filter>
    </ClCompile>
    <ClCompile Include="src\actions\MRActionFactory.cpp">
      <Filter>Source Files</Filter>
    </ClCompile>
    <ClCompile Include="src\particleEffects\MRParticleEffectsFactory.cpp">
      <Filter>Source Files</Filter>
    </ClCompile>
    <ClCompile Include="src\cutScenes\MRCutSceneFactory.cpp">
      <Filter>Source Files</Filter>
    </ClCompile>
    <ClCompile Include="src\cutScenes\CutSceneDiscoverTreasure.cpp">
      <Filter>Source Files</Filter>
    </ClCompile>
    <ClCompile Include="src\IMGui\MR_IMGuiFactory.cpp">
      <Filter>Source Files</Filter>
    </ClCompile>
    <ClCompile Include="src\IMGui\IMGuiPauseWindow.cpp">
      <Filter>Source Files</Filter>
    </ClCompile>
    <ClCompile Include="src\IMGui\IMGuiTopHud.cpp">
      <Filter>Source Files</Filter>
    </ClCompile>
    <ClCompile Include="src\IMGui\MR_IMGuiUtil.cpp">
      <Filter>Source Files</Filter>
    </ClCompile>
    <ClCompile Include="src\components\TurretBrainComponent.cpp">
      <Filter>Source Files</Filter>
    </ClCompile>
    <ClCompile Include="src\actions\TurretFireAction.cpp">
      <Filter>Source Files</Filter>
    </ClCompile>
    <ClCompile Include="src\IMGui\IMGuiInteractiveMenuSurvivor.cpp">
      <Filter>Source Files</Filter>
    </ClCompile>
    <ClCompile Include="src\actions\SurvivorInteractionAction.cpp">
      <Filter>Source Files</Filter>
    </ClCompile>
    <ClCompile Include="src\components\SurvivorBrainComponent.cpp">
      <Filter>Source Files</Filter>
    </ClCompile>
    <ClCompile Include="src\actions\ActorBoostAction.cpp">
      <Filter>Source Files</Filter>
    </ClCompile>
    <ClCompile Include="src\components\GinaPlayerControlComponent.cpp">
      <Filter>Source Files</Filter>
    </ClCompile>
    <ClCompile Include="src\IMGui\IMGuiTopRightHud.cpp">
      <Filter>Source Files</Filter>
    </ClCompile>
    <ClCompile Include="src\IMGui\IMGuiTopLeftHud.cpp">
      <Filter>Source Files</Filter>
    </ClCompile>
    <ClCompile Include="src\IMGui\IMGuiLevelComplete.cpp">
      <Filter>Source Files</Filter>
    </ClCompile>
    <ClCompile Include="src\triggers\MRTriggerFactory.cpp">
      <Filter>Source Files</Filter>
    </ClCompile>
    <ClCompile Include="src\IMGui\IMGuiPlayerDeath.cpp">
      <Filter>Source Files</Filter>
    </ClCompile>
    <ClCompile Include="src\triggers\PlayerDeath.cpp">
      <Filter>Source Files</Filter>
    </ClCompile>
    <ClCompile Include="src\components\GinaVitalityComponent.cpp">
      <Filter>Source Files</Filter>
    </ClCompile>
    <ClCompile Include="src\actions\HealthStationInteraction.cpp">
      <Filter>Source Files</Filter>
    </ClCompile>
    <ClCompile Include="src\actions\ActorSprintAction.cpp">
      <Filter>Source Files</Filter>
    </ClCompile>
    <ClCompile Include="src\triggers\LevelComplete.cpp">
      <Filter>Source Files</Filter>
    </ClCompile>
    <ClCompile Include="src\IMGui\IMGuiTitleScreenMenu.cpp">
      <Filter>Source Files</Filter>
    </ClCompile>
    <ClCompile Include="src\actions\ActorMoveAction.cpp">
      <Filter>Source Files</Filter>
    </ClCompile>
    <ClCompile Include="src\actions\ActorRotateAction.cpp">
      <Filter>Source Files</Filter>
    </ClCompile>
    <ClCompile Include="src\actions\ActorUseAction.cpp">
      <Filter>Source Files</Filter>
    </ClCompile>
    <ClCompile Include="src\actions\PistolFireAction.cpp">
      <Filter>Source Files</Filter>
    </ClCompile>
    <ClCompile Include="src\actions\PistolSecondaryFireAction.cpp">
      <Filter>Source Files</Filter>
    </ClCompile>
    <ClCompile Include="src\MREnumMap.cpp">
      <Filter>Source Files</Filter>
    </ClCompile>
    <ClCompile Include="src\MRColorMap.cpp">
      <Filter>Source Files</Filter>
    </ClCompile>
    <ClCompile Include="src\IMGui\IMGuiTestLevelMenu.cpp">
      <Filter>Source Files</Filter>
    </ClCompile>
    <ClCompile Include="src\actions\OnetimeButtonInteraction.cpp">
      <Filter>Source Files</Filter>
    </ClCompile>
    <ClCompile Include="src\triggers\EnenmyADeadTrigger.cpp">
      <Filter>Source Files</Filter>
    </ClCompile>
    <ClCompile Include="src\triggers\EnenmyCDeadTrigger.cpp">
      <Filter>Source Files</Filter>
    </ClCompile>
    <ClCompile Include="src\IMGui\IMGuiYouWin.cpp">
      <Filter>Source Files</Filter>
    </ClCompile>
  </ItemGroup>
  <ItemGroup>
    <Image Include="assets\blueprints\drone1_blueprint.png">
      <Filter>Resource Files</Filter>
    </Image>
    <Image Include="assets\levels\level1_blueprint.png">
      <Filter>Resource Files</Filter>
    </Image>
    <Image Include="assets\bowman1.png">
      <Filter>Resource Files</Filter>
    </Image>
    <Image Include="assets\levels\level2_blueprint.png">
      <Filter>Resource Files</Filter>
    </Image>
    <Image Include="assets\textureAtlas00.png">
      <Filter>Resource Files</Filter>
    </Image>
    <Image Include="assets\textureAtlasImGui.png">
      <Filter>Resource Files</Filter>
    </Image>
    <Image Include="assets\blueprints\testDrone_blueprint.png">
      <Filter>Resource Files</Filter>
    </Image>
    <Image Include="assets\blueprint_template.png">
      <Filter>Resource Files</Filter>
    </Image>
    <Image Include="assets\levels\level100_blueprint.png">
      <Filter>Resource Files</Filter>
    </Image>
    <Image Include="assets\blueprints\drone2_blueprint.png">
      <Filter>Resource Files</Filter>
    </Image>
    <Image Include="assets\levels\level5_blueprint.png">
      <Filter>Resource Files</Filter>
    </Image>
    <Image Include="assets\blueprints\breakable_wall_64_blueprint.png">
      <Filter>Resource Files</Filter>
    </Image>
    <Image Include="assets\blueprints\breakable_wall_128_blueprint.png">
      <Filter>Resource Files</Filter>
    </Image>
    <Image Include="assets\blueprints\breakable_wall_96_blueprint.png">
      <Filter>Resource Files</Filter>
    </Image>
    <Image Include="assets\levels\level3_blueprint.png">
      <Filter>Resource Files</Filter>
    </Image>
    <Image Include="assets\levels\level10_blueprint.png">
      <Filter>Resource Files</Filter>
    </Image>
    <Image Include="assets\levels\level4_blueprint.png">
      <Filter>Resource Files</Filter>
    </Image>
    <Image Include="assets\icon1.ico">
      <Filter>Resource Files</Filter>
    </Image>
    <Image Include="assets\icon2.ico">
      <Filter>Resource Files</Filter>
    </Image>
  </ItemGroup>
  <ItemGroup>
    <None Include="assets\config\gameConfig.json" />
    <None Include="assets\config\gameScenes.json" />
    <None Include="assets\gameObjectDefinitions\commonObjects.json" />
    <None Include="assets\gameObjectDefinitions\compositeObjects.json" />
    <None Include="assets\gameObjectDefinitions\particleObjects.json" />
    <None Include="assets\levels\level1_definition.json" />
    <None Include="assets\sound\soundAssets.json" />
    <None Include="assets\gameObjectDefinitions\checkpointObjects.json" />
    <None Include="assets\levels\level2_definition.json" />
    <None Include="assets\gameObjectDefinitions\wallObjects.json" />
    <None Include="assets\textureAtlasAssets.json" />
    <None Include="assets\gameObjectDefinitions\guiObjects.json" />
    <None Include="assets\gameObjectDefinitions\hudObjects.json" />
    <None Include="assets\levels\levels.json" />
    <None Include="assets\blueprints\testDrone_definition.json" />
    <None Include="setup25.bat">
      <Filter>Source Files</Filter>
    </None>
    <None Include="assets\gameObjectDefinitions\titleScreenObjects.json" />
    <None Include="assets\levels\level100_definition.json" />
    <None Include="assets\gameObjectDefinitions\testObjects.json" />
    <None Include="assets\gameObjectDefinitions\playerObjects.json" />
    <None Include="assets\levels\level10_definition.json" />
    <None Include="assets\gameObjectDefinitions\enemyObjects.json" />
    <None Include="assets\levels\level3_definition.json" />
    <None Include="assets\sound\turretDeploy1_01.ogg" />
    <None Include="assets\sound\turretDeploy2_01.ogg" />
    <None Include="assets\sound\turretUndeploy1_01.ogg" />
    <None Include="assets\sound\weapon_laser_002.ogg" />
    <None Include="assets\sound\weapon_laser_004.ogg" />
    <None Include="assets\sound\weapon2_fire1_01.ogg" />
    <None Include="assets\sound\shield_hit_002.ogg" />
    <None Include="assets\sound\sci-fi_explosion_04.ogg" />
    <None Include="assets\sound\sci-fi_weapon_plasma_pistol_06.ogg" />
    <None Include="assets\sound\shield_hit_001.ogg" />
    <None Include="assets\sound\retro_impact_hit_05.ogg" />
    <None Include="assets\sound\buttonWorking.ogg" />
    <None Include="assets\sound\collect_heart1_02.ogg" />
    <None Include="assets\sound\collect_heart2_01.ogg" />
    <None Include="assets\sound\doorActivate1.ogg" />
    <None Include="assets\sound\fire_pulse_1.ogg" />
    <None Include="assets\sound\fire_pulse_2.ogg" />
    <None Include="assets\sound\fire_pulse_3.ogg" />
    <None Include="assets\sound\fire_pulse_fail_1.ogg" />
    <None Include="assets\sound\impact_metal_012.ogg" />
    <None Include="assets\sound\impact_metal_shell_001.ogg" />
    <None Include="assets\sound\impact_metal_shell_002.ogg" />
    <None Include="assets\sound\impact_metal_shell_003.ogg" />
    <None Include="assets\sound\pick_up_002.ogg" />
    <None Include="assets\sound\player_explode_1.ogg" />
    <None Include="assets\sound\pulse_charging_1.ogg" />
    <None Include="assets\sound\pulse_fully_charged_1.ogg" />
    <None Include="assets\sound\droneMoving1.ogg" />
    <None Include="assets\sound\jetpack_operating1.ogg" />
    <None Include="assets\sound\jetpack_start1.ogg" />
    <None Include="assets\sound\jetpack_start2.ogg" />
    <None Include="assets\levels\level4_definition.json" />
    <None Include="assets\sound\radiationLeak1.ogg" />
  </ItemGroup>
  <ItemGroup>
    <Media Include="assets\sound\ambience_deep_shining.wav">
      <Filter>Resource Files</Filter>
    </Media>
    <Media Include="assets\sound\impact_metal_shell_001.wav">
      <Filter>Resource Files</Filter>
    </Media>
    <Media Include="assets\sound\impact_metal_shell_002.wav">
      <Filter>Resource Files</Filter>
    </Media>
    <Media Include="assets\sound\impact_metal_shell_003.wav">
      <Filter>Resource Files</Filter>
    </Media>
    <Media Include="assets\sound\pick_up_001.wav">
      <Filter>Resource Files</Filter>
    </Media>
    <Media Include="assets\sound\pick_up_002.wav">
      <Filter>Resource Files</Filter>
    </Media>
    <Media Include="assets\sound\weapon_laser_002.wav">
      <Filter>Resource Files</Filter>
    </Media>
    <Media Include="assets\sound\weapon_laser_004.wav">
      <Filter>Resource Files</Filter>
    </Media>
    <Media Include="assets\sound\weapon1_fire1.wav">
      <Filter>Resource Files</Filter>
    </Media>
    <Media Include="assets\sound\weapon2_fire1.wav">
      <Filter>Resource Files</Filter>
    </Media>
    <Media Include="assets\sound\impact_metal_012.wav">
      <Filter>Resource Files</Filter>
    </Media>
    <Media Include="assets\sound\retro_impact_hit_05.wav">
      <Filter>Resource Files</Filter>
    </Media>
    <Media Include="assets\sound\retro_impact_hit_16.wav">
      <Filter>Resource Files</Filter>
    </Media>
    <Media Include="assets\sound\retro_survivor_escapes.wav">
      <Filter>Resource Files</Filter>
    </Media>
    <Media Include="assets\sound\sci-fi_explosion_04.wav">
      <Filter>Resource Files</Filter>
    </Media>
    <Media Include="assets\sound\sci-fi_weapon_plasma_pistol_06.wav">
      <Filter>Resource Files</Filter>
    </Media>
    <Media Include="assets\sound\turret deploy_1.wav">
      <Filter>Resource Files</Filter>
    </Media>
    <Media Include="assets\sound\player_explode_1.wav">
      <Filter>Resource Files</Filter>
    </Media>
    <Media Include="assets\sound\music\ambience_deep_shining.wav">
      <Filter>Resource Files</Filter>
    </Media>
    <Media Include="assets\sound\music\level_background_a.mp3" />
    <Media Include="assets\sound\music\level_background_b.mp3" />
    <Media Include="assets\sound\music\level_background_c.mp3" />
    <Media Include="assets\sound\music\level_background_d.mp3" />
    <Media Include="assets\sound\music\main_theme_a.mp3" />
  </ItemGroup>
  <ItemGroup>
    <Font Include="assets\fonts\arial.ttf" />
    <Font Include="assets\fonts\AtariFontFullVersion-ZJ23.ttf" />
    <Font Include="assets\fonts\conthrax-sb.ttf" />
    <Font Include="assets\fonts\DroidSans.ttf" />
    <Font Include="assets\fonts\ProggyClean.ttf" />
    <Font Include="assets\fonts\Roboto-Medium.ttf" />
  </ItemGroup>
  <ItemGroup>
    <ClInclude Include="src\components\DroneBrainComponent.h">
      <Filter>Header Files</Filter>
    </ClInclude>
    <ClInclude Include="src\actions\ToggleButtonInteraction.h">
      <Filter>Header Files</Filter>
    </ClInclude>
    <ClInclude Include="src\GameConstants.h">
      <Filter>Header Files</Filter>
    </ClInclude>
    <ClInclude Include="src\particleEffects\GameParticleEffects.h">
      <Filter>Header Files</Filter>
    </ClInclude>
    <ClInclude Include="src\actions\DroneEyeRotateAction.h">
      <Filter>Header Files</Filter>
    </ClInclude>
    <ClInclude Include="src\MRContactListener.h">
      <Filter>Header Files</Filter>
    </ClInclude>
    <ClInclude Include="src\MRGame.h">
      <Filter>Header Files</Filter>
    </ClInclude>
    <ClInclude Include="src\MRContactFilter.h">
      <Filter>Header Files</Filter>
    </ClInclude>
    <ClInclude Include="src\MRComponentFactory.h">
      <Filter>Header Files</Filter>
    </ClInclude>
    <ClInclude Include="src\components\PistolWeaponComponent.h">
      <Filter>Header Files</Filter>
    </ClInclude>
    <ClInclude Include="src\MRContextManager.h">
      <Filter>Header Files</Filter>
    </ClInclude>
    <ClInclude Include="src\actions\MRActionFactory.h">
      <Filter>Header Files</Filter>
    </ClInclude>
    <ClInclude Include="src\particleEffects\MRParticleEffectsFactory.h">
      <Filter>Header Files</Filter>
    </ClInclude>
    <ClInclude Include="src\cutScenes\MRCutSceneFactory.h">
      <Filter>Header Files</Filter>
    </ClInclude>
    <ClInclude Include="src\cutScenes\CutSceneDiscoverTreasure.h">
      <Filter>Header Files</Filter>
    </ClInclude>
    <ClInclude Include="src\IMGui\MR_IMGuiFactory.h">
      <Filter>Header Files</Filter>
    </ClInclude>
    <ClInclude Include="src\IMGui\IMGuiPauseWindow.h">
      <Filter>Header Files</Filter>
    </ClInclude>
    <ClInclude Include="src\IMGui\IMGuiTopHud.h">
      <Filter>Header Files</Filter>
    </ClInclude>
    <ClInclude Include="src\IMGui\MR_IMGuiUtil.h">
      <Filter>Header Files</Filter>
    </ClInclude>
    <ClInclude Include="src\components\TurretBrainComponent.h">
      <Filter>Header Files</Filter>
    </ClInclude>
    <ClInclude Include="src\actions\TurretFireAction.h">
      <Filter>Header Files</Filter>
    </ClInclude>
    <ClInclude Include="src\IMGui\IMGuiInteractiveMenuSurvivor.h">
      <Filter>Header Files</Filter>
    </ClInclude>
    <ClInclude Include="src\actions\SurvivorInteractionAction.h">
      <Filter>Header Files</Filter>
    </ClInclude>
    <ClInclude Include="src\components\SurvivorBrainComponent.h">
      <Filter>Header Files</Filter>
    </ClInclude>
    <ClInclude Include="src\actions\ActorBoostAction.h">
      <Filter>Header Files</Filter>
    </ClInclude>
    <ClInclude Include="src\components\GinaPlayerControlComponent.h">
      <Filter>Header Files</Filter>
    </ClInclude>
    <ClInclude Include="src\IMGui\IMGuiTopRightHud.h">
      <Filter>Header Files</Filter>
    </ClInclude>
    <ClInclude Include="src\IMGui\IMGuiTopLeftHud.h">
      <Filter>Header Files</Filter>
    </ClInclude>
    <ClInclude Include="src\IMGui\IMGuiLevelComplete.h">
      <Filter>Header Files</Filter>
    </ClInclude>
    <ClInclude Include="src\triggers\MRTriggerFactory.h">
      <Filter>Header Files</Filter>
    </ClInclude>
    <ClInclude Include="src\IMGui\IMGuiPlayerDeath.h">
      <Filter>Header Files</Filter>
    </ClInclude>
    <ClInclude Include="src\triggers\PlayerDeath.h">
      <Filter>Header Files</Filter>
    </ClInclude>
    <ClInclude Include="src\components\GinaVitalityComponent.h">
      <Filter>Header Files</Filter>
    </ClInclude>
    <ClInclude Include="src\actions\HealthStationInteraction.h">
      <Filter>Header Files</Filter>
    </ClInclude>
    <ClInclude Include="src\actions\ActorSprintAction.h">
      <Filter>Header Files</Filter>
    </ClInclude>
    <ClInclude Include="src\triggers\LevelComplete.h">
      <Filter>Header Files</Filter>
    </ClInclude>
    <ClInclude Include="src\IMGui\IMGuiTitleScreenMenu.h">
      <Filter>Header Files</Filter>
    </ClInclude>
    <ClInclude Include="src\actions\ActorMoveAction.h">
      <Filter>Header Files</Filter>
    </ClInclude>
    <ClInclude Include="src\actions\ActorRotateAction.h">
      <Filter>Header Files</Filter>
    </ClInclude>
    <ClInclude Include="src\actions\ActorUseAction.h">
      <Filter>Header Files</Filter>
    </ClInclude>
    <ClInclude Include="src\actions\PistolFireAction.h">
      <Filter>Header Files</Filter>
    </ClInclude>
    <ClInclude Include="src\actions\PistolSecondaryFireAction.h">
      <Filter>Header Files</Filter>
    </ClInclude>
    <ClInclude Include="src\MREnumMap.h">
      <Filter>Header Files</Filter>
    </ClInclude>
    <ClInclude Include="src\MRColorMap.h">
      <Filter>Header Files</Filter>
    </ClInclude>
    <ClInclude Include="src\IMGui\IMGuiTestLevelMenu.h">
      <Filter>Header Files</Filter>
    </ClInclude>
    <ClInclude Include="src\actions\OnetimeButtonInteraction.h">
      <Filter>Header Files</Filter>
    </ClInclude>
    <ClInclude Include="src\triggers\EnemyADeadTrigger.h">
      <Filter>Header Files</Filter>
    </ClInclude>
    <ClInclude Include="src\triggers\EnemyCDeadTrigger.h">
      <Filter>Header Files</Filter>
    </ClInclude>
    <ClInclude Include="src\IMGui\IMGuiYouWin.h">
      <Filter>Header Files</Filter>
    </ClInclude>
  </ItemGroup>
</Project>