<?xml version="1.0" encoding="utf-8"?>
<Project ToolsVersion="4.0" xmlns="http://schemas.microsoft.com/developer/msbuild/2003">
  <ItemGroup>
    <Filter Include="Source Files">
      <UniqueIdentifier>{4FC737F1-C7A5-4376-A066-2A32D752A2FF}</UniqueIdentifier>
      <Extensions>cpp;c;cc;cxx;def;odl;idl;hpj;bat;asm;asmx</Extensions>
    </Filter>
    <Filter Include="Header Files">
      <UniqueIdentifier>{93995380-89BD-4b04-88EB-625FBE52EBFB}</UniqueIdentifier>
      <Extensions>h;hh;hpp;hxx;hm;inl;inc;ipp;xsd</Extensions>
    </Filter>
    <Filter Include="Resource Files">
      <UniqueIdentifier>{67DA6AB6-F800-4c08-8B7A-83BB121AAD01}</UniqueIdentifier>
      <Extensions>rc;ico;cur;bmp;dlg;rc2;rct;bin;rgs;gif;jpg;jpeg;jpe;resx;tiff;tif;png;wav;mfcribbon-ms</Extensions>
    </Filter>
  </ItemGroup>
  <ItemGroup>
    <ClCompile Include="src\MortalRescue.cpp">
      <Filter>Source Files</Filter>
    </ClCompile>
    <ClCompile Include="src\jsoncpp\jsoncpp.cpp">
      <Filter>Source Files</Filter>
    </ClCompile>
    <ClCompile Include="src\TextureManager.cpp">
      <Filter>Source Files</Filter>
    </ClCompile>
    <ClCompile Include="src\GameObject.cpp">
      <Filter>Source Files</Filter>
    </ClCompile>
    <ClCompile Include="src\GameObjectManager.cpp">
      <Filter>Source Files</Filter>
    </ClCompile>
    <ClCompile Include="src\Util.cpp">
      <Filter>Source Files</Filter>
    </ClCompile>
    <ClCompile Include="src\LevelManager.cpp">
      <Filter>Source Files</Filter>
    </ClCompile>
    <ClCompile Include="src\GameObjectContactListener.cpp">
      <Filter>Source Files</Filter>
    </ClCompile>
    <ClCompile Include="src\DebugDraw.cpp">
      <Filter>Source Files</Filter>
    </ClCompile>
    <ClCompile Include="src\PlayerObject.cpp">
      <Filter>Source Files</Filter>
    </ClCompile>
    <ClCompile Include="src\WorldObject.cpp">
      <Filter>Source Files</Filter>
    </ClCompile>
    <ClCompile Include="src\DynamicTextManager.cpp">
      <Filter>Source Files</Filter>
    </ClCompile>
    <ClCompile Include="src\TextObject.cpp">
      <Filter>Source Files</Filter>
    </ClCompile>
    <ClCompile Include="src\DebugPanel.cpp">
      <Filter>Source Files</Filter>
    </ClCompile>
    <ClCompile Include="src\GameObjectDefinition.cpp">
      <Filter>Source Files</Filter>
    </ClCompile>
    <ClCompile Include="src\ParticleObject.cpp">
      <Filter>Source Files</Filter>
    </ClCompile>
    <ClCompile Include="src\ObjectPoolManager.cpp">
      <Filter>Source Files</Filter>
    </ClCompile>
    <ClCompile Include="src\GameObjectCollection.cpp">
      <Filter>Source Files</Filter>
    </ClCompile>
    <ClCompile Include="src\ParticleMachine.cpp">
      <Filter>Source Files</Filter>
    </ClCompile>
    <ClCompile Include="src\ParticleEmission.cpp">
      <Filter>Source Files</Filter>
    </ClCompile>
    <ClCompile Include="src\GUIEvent.cpp">
      <Filter>Source Files</Filter>
    </ClCompile>
    <ClCompile Include="src\Animation.cpp">
      <Filter>Source Files</Filter>
    </ClCompile>
    <ClCompile Include="src\Camera.cpp">
      <Filter>Source Files</Filter>
    </ClCompile>
    <ClCompile Include="src\CompositeObject.cpp">
      <Filter>Source Files</Filter>
    </ClCompile>
    <ClCompile Include="src\Game.cpp">
      <Filter>Source Files</Filter>
    </ClCompile>
    <ClCompile Include="src\Texture.cpp">
      <Filter>Source Files</Filter>
    </ClCompile>
    <ClCompile Include="src\WeaponObject.cpp">
      <Filter>Source Files</Filter>
    </ClCompile>
    <ClCompile Include="src\SoundManager.cpp">
      <Filter>Source Files</Filter>
    </ClCompile>
  </ItemGroup>
  <ItemGroup>
    <ClInclude Include="src\TextureManager.h">
      <Filter>Header Files</Filter>
    </ClInclude>
    <ClInclude Include="src\jsoncpp\json\json.h">
      <Filter>Header Files</Filter>
    </ClInclude>
    <ClInclude Include="src\jsoncpp\json\json-forwards.h">
      <Filter>Header Files</Filter>
    </ClInclude>
    <ClInclude Include="src\GameObject.h">
      <Filter>Header Files</Filter>
    </ClInclude>
    <ClInclude Include="src\GameObjectManager.h">
      <Filter>Header Files</Filter>
    </ClInclude>
    <ClInclude Include="src\Util.h">
      <Filter>Header Files</Filter>
    </ClInclude>
    <ClInclude Include="src\LevelManager.h">
      <Filter>Header Files</Filter>
    </ClInclude>
    <ClInclude Include="src\GameObjectContactListener.h">
      <Filter>Header Files</Filter>
    </ClInclude>
    <ClInclude Include="src\DebugDraw.h">
      <Filter>Header Files</Filter>
    </ClInclude>
    <ClInclude Include="src\PlayerObject.h">
      <Filter>Header Files</Filter>
    </ClInclude>
    <ClInclude Include="src\WorldObject.h">
      <Filter>Header Files</Filter>
    </ClInclude>
    <ClInclude Include="src\DynamicTextManager.h">
      <Filter>Header Files</Filter>
    </ClInclude>
    <ClInclude Include="src\TextObject.h">
      <Filter>Header Files</Filter>
    </ClInclude>
    <ClInclude Include="src\DebugPanel.h">
      <Filter>Header Files</Filter>
    </ClInclude>
    <ClInclude Include="src\GameObjectDefinition.h">
      <Filter>Header Files</Filter>
    </ClInclude>
    <ClInclude Include="src\ParticleObject.h">
      <Filter>Header Files</Filter>
    </ClInclude>
    <ClInclude Include="src\ObjectPoolManager.h">
      <Filter>Header Files</Filter>
    </ClInclude>
    <ClInclude Include="src\GameObjectCollection.h">
      <Filter>Header Files</Filter>
    </ClInclude>
    <ClInclude Include="src\ParticleMachine.h">
      <Filter>Header Files</Filter>
    </ClInclude>
    <ClInclude Include="src\ParticleEmission.h">
      <Filter>Header Files</Filter>
    </ClInclude>
    <ClInclude Include="src\GUIEvent.h">
      <Filter>Header Files</Filter>
    </ClInclude>
    <ClInclude Include="src\Constants.h">
      <Filter>Header Files</Filter>
    </ClInclude>
    <ClInclude Include="src\Animation.h">
      <Filter>Header Files</Filter>
    </ClInclude>
    <ClInclude Include="src\Camera.h">
      <Filter>Header Files</Filter>
    </ClInclude>
    <ClInclude Include="src\CompositeObject.h">
      <Filter>Header Files</Filter>
    </ClInclude>
    <ClInclude Include="src\Game.h">
      <Filter>Header Files</Filter>
    </ClInclude>
    <ClInclude Include="src\Texture.h">
      <Filter>Header Files</Filter>
    </ClInclude>
    <ClInclude Include="src\Globals.h">
      <Filter>Header Files</Filter>
    </ClInclude>
    <ClInclude Include="src\WeaponObject.h">
      <Filter>Header Files</Filter>
    </ClInclude>
    <ClInclude Include="src\SoundManager.h">
      <Filter>Header Files</Filter>
    </ClInclude>
  </ItemGroup>
  <ItemGroup>
    <None Include="assets\textureAssets.json" />
    <None Include="libpng16-16.dll" />
    <None Include="SDL2.dll" />
    <None Include="SDL2_image.dll" />
    <None Include="zlib1.dll" />
    <None Include="assets\gameConfig.json" />
    <None Include="libfreetype-6.dll" />
    <None Include="SDL2_ttf.dll" />
    <None Include="assets\particleObjects.json" />
    <None Include="assets\blueprints\level_test.ase" />
    <None Include="assets\blueprints\level1.ase" />
    <None Include="assets\blueprints\drone1_blueprint.aseprite" />
    <None Include="assets\gameObjectDefinitions\GUIObjects.json" />
    <None Include="assets\gameObjectDefinitions\particleObjects.json" />
    <None Include="assets\gameObjectDefinitions\objectPools.json" />
    <None Include="assets\gameObjectDefinitions\commonObjects.json" />
    <None Include="assets\gameObjectDefinitions\level1Objects.json" />
    <None Include="libFLAC-8.dll" />
    <None Include="libmodplug-1.dll" />
    <None Include="libmpg123-0.dll" />
    <None Include="libogg-0.dll" />
    <None Include="libopus-0.dll" />
    <None Include="libopusfile-0.dll" />
    <None Include="libvorbis-0.dll" />
    <None Include="libvorbisfile-3.dll" />
    <None Include="SDL2_mixer.dll" />
    <None Include="assets\sound\soundAssets.json" />
  </ItemGroup>
  <ItemGroup>
    <Image Include="assets\bowman1.png">
      <Filter>Resource Files</Filter>
    </Image>
    <Image Include="assets\swordLady64_Idle.png">
      <Filter>Resource Files</Filter>
    </Image>
    <Image Include="assets\pistolLady64_Run.png">
      <Filter>Resource Files</Filter>
    </Image>
    <Image Include="assets\pistolLady128_Run.png">
      <Filter>Resource Files</Filter>
    </Image>
    <Image Include="assets\spaceship1.png">
      <Filter>Resource Files</Filter>
    </Image>
    <Image Include="assets\tile1.png">
      <Filter>Resource Files</Filter>
    </Image>
    <Image Include="assets\wall1_column.png">
      <Filter>Resource Files</Filter>
    </Image>
    <Image Include="assets\wall1_corner.png">
      <Filter>Resource Files</Filter>
    </Image>
    <Image Include="assets\wall1_end.png">
      <Filter>Resource Files</Filter>
    </Image>
    <Image Include="assets\wall1_hall.png">
      <Filter>Resource Files</Filter>
    </Image>
    <Image Include="assets\wall1_open.png">
      <Filter>Resource Files</Filter>
    </Image>
    <Image Include="assets\wall1_wall.png">
      <Filter>Resource Files</Filter>
    </Image>
    <Image Include="assets\gina_Idle_64.png">
      <Filter>Resource Files</Filter>
    </Image>
    <Image Include="assets\gina_Run_64.png">
      <Filter>Resource Files</Filter>
    </Image>
    <Image Include="assets\bullet1.png">
      <Filter>Resource Files</Filter>
    </Image>
    <Image Include="assets\particle1.png">
      <Filter>Resource Files</Filter>
    </Image>
    <Image Include="assets\blueprints\level_test.png">
      <Filter>Resource Files</Filter>
    </Image>
    <Image Include="assets\blueprints\level1.png">
      <Filter>Resource Files</Filter>
    </Image>
    <Image Include="assets\redArmor.png">
      <Filter>Resource Files</Filter>
    </Image>
    <Image Include="assets\redArmorAngle.png">
      <Filter>Resource Files</Filter>
    </Image>
    <Image Include="assets\redArmorPiece.png">
      <Filter>Resource Files</Filter>
    </Image>
    <Image Include="assets\blueprints\drone1_blueprint.png">
      <Filter>Resource Files</Filter>
    </Image>
    <Image Include="assets\square_128.png">
      <Filter>Resource Files</Filter>
    </Image>
    <Image Include="assets\pieceAngle1_8.png">
      <Filter>Resource Files</Filter>
    </Image>
    <Image Include="assets\pieceAngle2_8.png">
      <Filter>Resource Files</Filter>
    </Image>
    <Image Include="assets\pieceAngle3_8.png">
      <Filter>Resource Files</Filter>
    </Image>
    <Image Include="assets\pieceAngle4_8.png">
      <Filter>Resource Files</Filter>
    </Image>
    <Image Include="assets\pieceFull_8.png">
      <Filter>Resource Files</Filter>
    </Image>
    <Image Include="assets\particle2.png">
      <Filter>Resource Files</Filter>
    </Image>
    <Image Include="assets\blueprints\drone1_test.png">
      <Filter>Resource Files</Filter>
    </Image>
    <Image Include="assets\enemyFrame1_128.png">
      <Filter>Resource Files</Filter>
    </Image>
    <Image Include="assets\deflect1.png">
      <Filter>Resource Files</Filter>
    </Image>
    <Image Include="assets\weapon1.png">
      <Filter>Resource Files</Filter>
    </Image>
    <Image Include="assets\weapon1_FIRE.png">
      <Filter>Resource Files</Filter>
    </Image>
    <Image Include="assets\weapon1_IDLE.png">
      <Filter>Resource Files</Filter>
    </Image>
  </ItemGroup>
  <ItemGroup>
    <Font Include="assets\arial.ttf" />
  </ItemGroup>
  <ItemGroup>
    <Text Include="assets\gameObjectDefinitions\compositeObjects.json" />
  </ItemGroup>
  <ItemGroup>
    <Media Include="assets\sound\ambience_deep_shining.wav">
      <Filter>Resource Files</Filter>
    </Media>
    <Media Include="assets\sound\weapon1_fire1.wav">
      <Filter>Resource Files</Filter>
    </Media>
  </ItemGroup>
</Project>