<?xml version="1.0" encoding="utf-8"?>
<Project ToolsVersion="4.0" xmlns="http://schemas.microsoft.com/developer/msbuild/2003">
  <ItemGroup>
    <Filter Include="Source Files">
      <UniqueIdentifier>{4FC737F1-C7A5-4376-A066-2A32D752A2FF}</UniqueIdentifier>
      <Extensions>cpp;c;cc;cxx;c++;cppm;ixx;def;odl;idl;hpj;bat;asm;asmx</Extensions>
    </Filter>
    <Filter Include="Header Files">
      <UniqueIdentifier>{93995380-89BD-4b04-88EB-625FBE52EBFB}</UniqueIdentifier>
      <Extensions>h;hh;hpp;hxx;h++;hm;inl;inc;ipp;xsd</Extensions>
    </Filter>
    <Filter Include="Resource Files">
      <UniqueIdentifier>{67DA6AB6-F800-4c08-8B7A-83BB121AAD01}</UniqueIdentifier>
      <Extensions>rc;ico;cur;bmp;dlg;rc2;rct;bin;rgs;gif;jpg;jpeg;jpe;resx;tiff;tif;png;wav;mfcribbon-ms</Extensions>
    </Filter>
  </ItemGroup>
  <ItemGroup>
    <ClCompile Include="src\actions\BBActionFactory.cpp">
      <Filter>Source Files</Filter>
    </ClCompile>
    <ClCompile Include="src\components\BobbyPlayerControlComponent.cpp">
      <Filter>Source Files</Filter>
    </ClCompile>
    <ClCompile Include="src\cutScenes\BBCutSceneFactory.cpp">
      <Filter>Source Files</Filter>
    </ClCompile>
    <ClCompile Include="src\IMGui\BB_IMGuiFactory.cpp">
      <Filter>Source Files</Filter>
    </ClCompile>
    <ClCompile Include="src\IMGui\BB_IMGuiUtil.cpp">
      <Filter>Source Files</Filter>
    </ClCompile>
    <ClCompile Include="src\IMGui\IMGuiPauseWindow.cpp">
      <Filter>Source Files</Filter>
    </ClCompile>
    <ClCompile Include="src\IMGui\IMGuiTestLevelMenu.cpp">
      <Filter>Source Files</Filter>
    </ClCompile>
    <ClCompile Include="src\IMGui\IMGuiTitleScreenMenu.cpp">
      <Filter>Source Files</Filter>
    </ClCompile>
    <ClCompile Include="src\particleEffects\BBParticleEffectsFactory.cpp">
      <Filter>Source Files</Filter>
    </ClCompile>
    <ClCompile Include="src\triggers\BBTriggerFactory.cpp">
      <Filter>Source Files</Filter>
    </ClCompile>
    <ClCompile Include="src\triggers\PlayerDeath.cpp">
      <Filter>Source Files</Filter>
    </ClCompile>
    <ClCompile Include="src\BBColorMap.cpp">
      <Filter>Source Files</Filter>
    </ClCompile>
    <ClCompile Include="src\BBComponentFactory.cpp">
      <Filter>Source Files</Filter>
    </ClCompile>
    <ClCompile Include="src\BBContactFilter.cpp">
      <Filter>Source Files</Filter>
    </ClCompile>
    <ClCompile Include="src\BBContactListener.cpp">
      <Filter>Source Files</Filter>
    </ClCompile>
    <ClCompile Include="src\BBContextManager.cpp">
      <Filter>Source Files</Filter>
    </ClCompile>
    <ClCompile Include="src\BBEnumMap.cpp">
      <Filter>Source Files</Filter>
    </ClCompile>
    <ClCompile Include="src\BBGame.cpp">
      <Filter>Source Files</Filter>
    </ClCompile>
    <ClCompile Include="src\blindBetty.cpp">
      <Filter>Source Files</Filter>
    </ClCompile>
    <ClCompile Include="src\IMGui\IMGuiPlayerDeath.cpp">
      <Filter>Source Files</Filter>
    </ClCompile>
    <ClCompile Include="src\IMGui\IMGuiInteractiveMenuDoor.cpp">
      <Filter>Source Files</Filter>
    </ClCompile>
    <ClCompile Include="src\actions\DoorOpenAction.cpp">
      <Filter>Source Files</Filter>
    </ClCompile>
    <ClCompile Include="src\actions\ActorMoveAction.cpp">
      <Filter>Source Files</Filter>
    </ClCompile>
    <ClCompile Include="src\actions\DoorCloseAction.cpp">
      <Filter>Source Files</Filter>
    </ClCompile>
    <ClCompile Include="src\actions\DoorEnterAction.cpp">
      <Filter>Source Files</Filter>
    </ClCompile>
    <ClCompile Include="src\actions\ActorStairsMoveAction.cpp">
      <Filter>Source Files</Filter>
    </ClCompile>
  </ItemGroup>
  <ItemGroup>
    <ClInclude Include="src\actions\BBActionFactory.h">
      <Filter>Header Files</Filter>
    </ClInclude>
    <ClInclude Include="src\components\BobbyPlayerControlComponent.h">
      <Filter>Header Files</Filter>
    </ClInclude>
    <ClInclude Include="src\cutScenes\BBCutSceneFactory.h">
      <Filter>Header Files</Filter>
    </ClInclude>
    <ClInclude Include="src\IMGui\BB_IMGuiFactory.h">
      <Filter>Header Files</Filter>
    </ClInclude>
    <ClInclude Include="src\IMGui\BB_IMGuiUtil.h">
      <Filter>Header Files</Filter>
    </ClInclude>
    <ClInclude Include="src\IMGui\IMGuiPauseWindow.h">
      <Filter>Header Files</Filter>
    </ClInclude>
    <ClInclude Include="src\IMGui\IMGuiTestLevelMenu.h">
      <Filter>Header Files</Filter>
    </ClInclude>
    <ClInclude Include="src\IMGui\IMGuiTitleScreenMenu.h">
      <Filter>Header Files</Filter>
    </ClInclude>
    <ClInclude Include="src\particleEffects\BBParticleEffectsFactory.h">
      <Filter>Header Files</Filter>
    </ClInclude>
    <ClInclude Include="src\particleEffects\GameParticleEffects.h">
      <Filter>Header Files</Filter>
    </ClInclude>
    <ClInclude Include="src\triggers\BBTriggerFactory.h">
      <Filter>Header Files</Filter>
    </ClInclude>
    <ClInclude Include="src\triggers\PlayerDeath.h">
      <Filter>Header Files</Filter>
    </ClInclude>
    <ClInclude Include="src\BBColorMap.h">
      <Filter>Header Files</Filter>
    </ClInclude>
    <ClInclude Include="src\BBComponentFactory.h">
      <Filter>Header Files</Filter>
    </ClInclude>
    <ClInclude Include="src\BBContactFilter.h">
      <Filter>Header Files</Filter>
    </ClInclude>
    <ClInclude Include="src\BBContactListener.h">
      <Filter>Header Files</Filter>
    </ClInclude>
    <ClInclude Include="src\BBContextManager.h">
      <Filter>Header Files</Filter>
    </ClInclude>
    <ClInclude Include="src\BBEnumMap.h">
      <Filter>Header Files</Filter>
    </ClInclude>
    <ClInclude Include="src\BBGame.h">
      <Filter>Header Files</Filter>
    </ClInclude>
    <ClInclude Include="src\GameConstants.h">
      <Filter>Header Files</Filter>
    </ClInclude>
    <ClInclude Include="src\IMGui\IMGuiPlayerDeath.h">
      <Filter>Header Files</Filter>
    </ClInclude>
    <ClInclude Include="src\IMGui\IMGuiInteractiveMenuDoor.h">
      <Filter>Header Files</Filter>
    </ClInclude>
    <ClInclude Include="src\actions\DoorOpenAction.h">
      <Filter>Header Files</Filter>
    </ClInclude>
    <ClInclude Include="src\actions\ActorMoveAction.h">
      <Filter>Header Files</Filter>
    </ClInclude>
    <ClInclude Include="src\actions\DoorCloseAction.h">
      <Filter>Header Files</Filter>
    </ClInclude>
    <ClInclude Include="src\actions\DoorEnterAction.h">
      <Filter>Header Files</Filter>
    </ClInclude>
    <ClInclude Include="src\actions\ActorStairsMoveAction.h">
      <Filter>Header Files</Filter>
    </ClInclude>
  </ItemGroup>
  <ItemGroup>
    <Image Include="assets\bowman1.png">
      <Filter>Resource Files</Filter>
    </Image>
    <Image Include="assets\textureAtlas00.png">
      <Filter>Resource Files</Filter>
    </Image>
    <Image Include="assets\textureAtlasImGui.png">
      <Filter>Resource Files</Filter>
    </Image>
    <Image Include="assets\levels\front1_blueprint.png">
      <Filter>Resource Files</Filter>
    </Image>
    <Image Include="assets\levels\full_interior_blueprint.png">
      <Filter>Resource Files</Filter>
    </Image>
    <Image Include="assets\textureAtlas01.png">
      <Filter>Resource Files</Filter>
    </Image>
  </ItemGroup>
  <ItemGroup>
    <None Include="assets\textureAtlas00.psd" />
    <None Include="assets\textureAtlasAssets.json" />
    <None Include="assets\levels\levels.json" />
    <None Include="assets\gameObjectDefinitions\playerObjects.json" />
    <None Include="assets\gameObjectDefinitions\guiObjects.json" />
    <None Include="assets\gameObjectDefinitions\houseObjects.json" />
    <None Include="assets\config\gameConfig.json" />
    <None Include="assets\config\gameScenes.json" />
    <None Include="assets\sound\soundAssets.json" />
    <None Include="assets\sound\buttonWorking.ogg" />
    <None Include="assets\gameObjectDefinitions\commonObjects.json" />
    <None Include="assets\levels\full_interior_definition.json" />
  </ItemGroup>
  <ItemGroup>
    <Media Include="assets\sound\music\main_theme_a.mp3" />
  </ItemGroup>
  <ItemGroup>
    <Font Include="assets\fonts\arial.ttf" />
    <Font Include="assets\fonts\AtariFontFullVersion-ZJ23.ttf" />
    <Font Include="assets\fonts\conthrax-sb.ttf" />
    <Font Include="assets\fonts\DroidSans.ttf" />
    <Font Include="assets\fonts\ProggyClean.ttf" />
    <Font Include="assets\fonts\Roboto-Medium.ttf" />
  </ItemGroup>
</Project>